// !$*UTF8*$!
{
	archiveVersion = 1;
	classes = {
	};
	objectVersion = 48;
	objects = {

/* Begin PBXBuildFile section */
		AE51067F1FBF42E000C0BEDF /* AppDelegate.swift in Sources */ = {isa = PBXBuildFile; fileRef = AE51067E1FBF42E000C0BEDF /* AppDelegate.swift */; };
		AE5106811FBF42E000C0BEDF /* ViewController.swift in Sources */ = {isa = PBXBuildFile; fileRef = AE5106801FBF42E000C0BEDF /* ViewController.swift */; };
		AE5106841FBF42E000C0BEDF /* Main.storyboard in Resources */ = {isa = PBXBuildFile; fileRef = AE5106821FBF42E000C0BEDF /* Main.storyboard */; };
		AE5106871FBF42E000C0BEDF /* SRTabBarViewController.xcdatamodeld in Sources */ = {isa = PBXBuildFile; fileRef = AE5106851FBF42E000C0BEDF /* SRTabBarViewController.xcdatamodeld */; };
		AE5106891FBF42E000C0BEDF /* Assets.xcassets in Resources */ = {isa = PBXBuildFile; fileRef = AE5106881FBF42E000C0BEDF /* Assets.xcassets */; };
		AE51068C1FBF42E000C0BEDF /* LaunchScreen.storyboard in Resources */ = {isa = PBXBuildFile; fileRef = AE51068A1FBF42E000C0BEDF /* LaunchScreen.storyboard */; };
		AE5106941FBF432500C0BEDF /* SRTabBarViewController.swift in Sources */ = {isa = PBXBuildFile; fileRef = AE5106931FBF432500C0BEDF /* SRTabBarViewController.swift */; };
		AE5106961FBF434E00C0BEDF /* SRTabBar.swift in Sources */ = {isa = PBXBuildFile; fileRef = AE5106951FBF434E00C0BEDF /* SRTabBar.swift */; };
/* End PBXBuildFile section */

/* Begin PBXFileReference section */
		AE51067B1FBF42E000C0BEDF /* SRTabBarViewController.app */ = {isa = PBXFileReference; explicitFileType = wrapper.application; includeInIndex = 0; path = SRTabBarViewController.app; sourceTree = BUILT_PRODUCTS_DIR; };
		AE51067E1FBF42E000C0BEDF /* AppDelegate.swift */ = {isa = PBXFileReference; lastKnownFileType = sourcecode.swift; path = AppDelegate.swift; sourceTree = "<group>"; };
		AE5106801FBF42E000C0BEDF /* ViewController.swift */ = {isa = PBXFileReference; lastKnownFileType = sourcecode.swift; path = ViewController.swift; sourceTree = "<group>"; };
		AE5106831FBF42E000C0BEDF /* Base */ = {isa = PBXFileReference; lastKnownFileType = file.storyboard; name = Base; path = Base.lproj/Main.storyboard; sourceTree = "<group>"; };
		AE5106861FBF42E000C0BEDF /* SRTabBarViewController.xcdatamodel */ = {isa = PBXFileReference; lastKnownFileType = wrapper.xcdatamodel; path = SRTabBarViewController.xcdatamodel; sourceTree = "<group>"; };
		AE5106881FBF42E000C0BEDF /* Assets.xcassets */ = {isa = PBXFileReference; lastKnownFileType = folder.assetcatalog; path = Assets.xcassets; sourceTree = "<group>"; };
		AE51068B1FBF42E000C0BEDF /* Base */ = {isa = PBXFileReference; lastKnownFileType = file.storyboard; name = Base; path = Base.lproj/LaunchScreen.storyboard; sourceTree = "<group>"; };
		AE51068D1FBF42E000C0BEDF /* Info.plist */ = {isa = PBXFileReference; lastKnownFileType = text.plist.xml; path = Info.plist; sourceTree = "<group>"; };
		AE5106931FBF432500C0BEDF /* SRTabBarViewController.swift */ = {isa = PBXFileReference; lastKnownFileType = sourcecode.swift; path = SRTabBarViewController.swift; sourceTree = "<group>"; };
		AE5106951FBF434E00C0BEDF /* SRTabBar.swift */ = {isa = PBXFileReference; lastKnownFileType = sourcecode.swift; path = SRTabBar.swift; sourceTree = "<group>"; };
/* End PBXFileReference section */

/* Begin PBXFrameworksBuildPhase section */
		AE5106781FBF42E000C0BEDF /* Frameworks */ = {
			isa = PBXFrameworksBuildPhase;
			buildActionMask = 2147483647;
			files = (
			);
			runOnlyForDeploymentPostprocessing = 0;
		};
/* End PBXFrameworksBuildPhase section */

/* Begin PBXGroup section */
		AE5106721FBF42E000C0BEDF = {
			isa = PBXGroup;
			children = (
				AE51067D1FBF42E000C0BEDF /* SRTabBarViewController */,
				AE51067C1FBF42E000C0BEDF /* Products */,
			);
			sourceTree = "<group>";
		};
		AE51067C1FBF42E000C0BEDF /* Products */ = {
			isa = PBXGroup;
			children = (
				AE51067B1FBF42E000C0BEDF /* SRTabBarViewController.app */,
			);
			name = Products;
			sourceTree = "<group>";
		};
		AE51067D1FBF42E000C0BEDF /* SRTabBarViewController */ = {
			isa = PBXGroup;
			children = (
				AE51067E1FBF42E000C0BEDF /* AppDelegate.swift */,
				AE5106801FBF42E000C0BEDF /* ViewController.swift */,
				AE5106821FBF42E000C0BEDF /* Main.storyboard */,
				AE5106881FBF42E000C0BEDF /* Assets.xcassets */,
				AE51068A1FBF42E000C0BEDF /* LaunchScreen.storyboard */,
				AE51068D1FBF42E000C0BEDF /* Info.plist */,
				AE5106851FBF42E000C0BEDF /* SRTabBarViewController.xcdatamodeld */,
				AE5106931FBF432500C0BEDF /* SRTabBarViewController.swift */,
				AE5106951FBF434E00C0BEDF /* SRTabBar.swift */,
			);
			path = SRTabBarViewController;
			sourceTree = "<group>";
		};
/* End PBXGroup section */

/* Begin PBXNativeTarget section */
		AE51067A1FBF42E000C0BEDF /* SRTabBarViewController */ = {
			isa = PBXNativeTarget;
			buildConfigurationList = AE5106901FBF42E100C0BEDF /* Build configuration list for PBXNativeTarget "SRTabBarViewController" */;
			buildPhases = (
				AE5106771FBF42E000C0BEDF /* Sources */,
				AE5106781FBF42E000C0BEDF /* Frameworks */,
				AE5106791FBF42E000C0BEDF /* Resources */,
			);
			buildRules = (
			);
			dependencies = (
			);
			name = SRTabBarViewController;
			productName = SRTabBarViewController;
			productReference = AE51067B1FBF42E000C0BEDF /* SRTabBarViewController.app */;
			productType = "com.apple.product-type.application";
		};
/* End PBXNativeTarget section */

/* Begin PBXProject section */
		AE5106731FBF42E000C0BEDF /* Project object */ = {
			isa = PBXProject;
			attributes = {
				LastSwiftUpdateCheck = 0910;
				LastUpgradeCheck = 0910;
				ORGANIZATIONNAME = "Sharad Paghadal";
				TargetAttributes = {
					AE51067A1FBF42E000C0BEDF = {
						CreatedOnToolsVersion = 9.1;
						ProvisioningStyle = Automatic;
					};
				};
			};
			buildConfigurationList = AE5106761FBF42E000C0BEDF /* Build configuration list for PBXProject "SRTabBarViewController" */;
			compatibilityVersion = "Xcode 8.0";
			developmentRegion = en;
			hasScannedForEncodings = 0;
			knownRegions = (
				en,
				Base,
			);
			mainGroup = AE5106721FBF42E000C0BEDF;
			productRefGroup = AE51067C1FBF42E000C0BEDF /* Products */;
			projectDirPath = "";
			projectRoot = "";
			targets = (
				AE51067A1FBF42E000C0BEDF /* SRTabBarViewController */,
			);
		};
/* End PBXProject section */

/* Begin PBXResourcesBuildPhase section */
		AE5106791FBF42E000C0BEDF /* Resources */ = {
			isa = PBXResourcesBuildPhase;
			buildActionMask = 2147483647;
			files = (
				AE51068C1FBF42E000C0BEDF /* LaunchScreen.storyboard in Resources */,
				AE5106891FBF42E000C0BEDF /* Assets.xcassets in Resources */,
				AE5106841FBF42E000C0BEDF /* Main.storyboard in Resources */,
			);
			runOnlyForDeploymentPostprocessing = 0;
		};
/* End PBXResourcesBuildPhase section */

/* Begin PBXSourcesBuildPhase section */
		AE5106771FBF42E000C0BEDF /* Sources */ = {
			isa = PBXSourcesBuildPhase;
			buildActionMask = 2147483647;
			files = (
				AE5106811FBF42E000C0BEDF /* ViewController.swift in Sources */,
				AE5106871FBF42E000C0BEDF /* SRTabBarViewController.xcdatamodeld in Sources */,
				AE51067F1FBF42E000C0BEDF /* AppDelegate.swift in Sources */,
				AE5106961FBF434E00C0BEDF /* SRTabBar.swift in Sources */,
				AE5106941FBF432500C0BEDF /* SRTabBarViewController.swift in Sources */,
			);
			runOnlyForDeploymentPostprocessing = 0;
		};
/* End PBXSourcesBuildPhase section */

/* Begin PBXVariantGroup section */
		AE5106821FBF42E000C0BEDF /* Main.storyboard */ = {
			isa = PBXVariantGroup;
			children = (
				AE5106831FBF42E000C0BEDF /* Base */,
			);
			name = Main.storyboard;
			sourceTree = "<group>";
		};
		AE51068A1FBF42E000C0BEDF /* LaunchScreen.storyboard */ = {
			isa = PBXVariantGroup;
			children = (
				AE51068B1FBF42E000C0BEDF /* Base */,
			);
			name = LaunchScreen.storyboard;
			sourceTree = "<group>";
		};
/* End PBXVariantGroup section */

/* Begin XCBuildConfiguration section */
		AE51068E1FBF42E000C0BEDF /* Debug */ = {
			isa = XCBuildConfiguration;
			buildSettings = {
				ALWAYS_SEARCH_USER_PATHS = NO;
				CLANG_ANALYZER_NONNULL = YES;
				CLANG_ANALYZER_NUMBER_OBJECT_CONVERSION = YES_AGGRESSIVE;
				CLANG_CXX_LANGUAGE_STANDARD = "gnu++14";
				CLANG_CXX_LIBRARY = "libc++";
				CLANG_ENABLE_MODULES = YES;
				CLANG_ENABLE_OBJC_ARC = YES;
				CLANG_WARN_BLOCK_CAPTURE_AUTORELEASING = YES;
				CLANG_WARN_BOOL_CONVERSION = YES;
				CLANG_WARN_COMMA = YES;
				CLANG_WARN_CONSTANT_CONVERSION = YES;
				CLANG_WARN_DIRECT_OBJC_ISA_USAGE = YES_ERROR;
				CLANG_WARN_DOCUMENTATION_COMMENTS = YES;
				CLANG_WARN_EMPTY_BODY = YES;
				CLANG_WARN_ENUM_CONVERSION = YES;
				CLANG_WARN_INFINITE_RECURSION = YES;
				CLANG_WARN_INT_CONVERSION = YES;
				CLANG_WARN_NON_LITERAL_NULL_CONVERSION = YES;
				CLANG_WARN_OBJC_LITERAL_CONVERSION = YES;
				CLANG_WARN_OBJC_ROOT_CLASS = YES_ERROR;
				CLANG_WARN_RANGE_LOOP_ANALYSIS = YES;
				CLANG_WARN_STRICT_PROTOTYPES = YES;
				CLANG_WARN_SUSPICIOUS_MOVE = YES;
				CLANG_WARN_UNGUARDED_AVAILABILITY = YES_AGGRESSIVE;
				CLANG_WARN_UNREACHABLE_CODE = YES;
				CLANG_WARN__DUPLICATE_METHOD_MATCH = YES;
				CODE_SIGN_IDENTITY = "iPhone Developer";
				COPY_PHASE_STRIP = NO;
				DEBUG_INFORMATION_FORMAT = dwarf;
				ENABLE_STRICT_OBJC_MSGSEND = YES;
				ENABLE_TESTABILITY = YES;
				GCC_C_LANGUAGE_STANDARD = gnu11;
				GCC_DYNAMIC_NO_PIC = NO;
				GCC_NO_COMMON_BLOCKS = YES;
				GCC_OPTIMIZATION_LEVEL = 0;
				GCC_PREPROCESSOR_DEFINITIONS = (
					"DEBUG=1",
					"$(inherited)",
				);
				GCC_WARN_64_TO_32_BIT_CONVERSION = YES;
				GCC_WARN_ABOUT_RETURN_TYPE = YES_ERROR;
				GCC_WARN_UNDECLARED_SELECTOR = YES;
				GCC_WARN_UNINITIALIZED_AUTOS = YES_AGGRESSIVE;
				GCC_WARN_UNUSED_FUNCTION = YES;
				GCC_WARN_UNUSED_VARIABLE = YES;
				IPHONEOS_DEPLOYMENT_TARGET = 11.1;
				MTL_ENABLE_DEBUG_INFO = YES;
				ONLY_ACTIVE_ARCH = YES;
				SDKROOT = iphoneos;
				SWIFT_ACTIVE_COMPILATION_CONDITIONS = DEBUG;
				SWIFT_OPTIMIZATION_LEVEL = "-Onone";
			};
			name = Debug;
		};
		AE51068F1FBF42E000C0BEDF /* Release */ = {
			isa = XCBuildConfiguration;
			buildSettings = {
				ALWAYS_SEARCH_USER_PATHS = NO;
				CLANG_ANALYZER_NONNULL = YES;
				CLANG_ANALYZER_NUMBER_OBJECT_CONVERSION = YES_AGGRESSIVE;
				CLANG_CXX_LANGUAGE_STANDARD = "gnu++14";
				CLANG_CXX_LIBRARY = "libc++";
				CLANG_ENABLE_MODULES = YES;
				CLANG_ENABLE_OBJC_ARC = YES;
				CLANG_WARN_BLOCK_CAPTURE_AUTORELEASING = YES;
				CLANG_WARN_BOOL_CONVERSION = YES;
				CLANG_WARN_COMMA = YES;
				CLANG_WARN_CONSTANT_CONVERSION = YES;
				CLANG_WARN_DIRECT_OBJC_ISA_USAGE = YES_ERROR;
				CLANG_WARN_DOCUMENTATION_COMMENTS = YES;
				CLANG_WARN_EMPTY_BODY = YES;
				CLANG_WARN_ENUM_CONVERSION = YES;
				CLANG_WARN_INFINITE_RECURSION = YES;
				CLANG_WARN_INT_CONVERSION = YES;
				CLANG_WARN_NON_LITERAL_NULL_CONVERSION = YES;
				CLANG_WARN_OBJC_LITERAL_CONVERSION = YES;
				CLANG_WARN_OBJC_ROOT_CLASS = YES_ERROR;
				CLANG_WARN_RANGE_LOOP_ANALYSIS = YES;
				CLANG_WARN_STRICT_PROTOTYPES = YES;
				CLANG_WARN_SUSPICIOUS_MOVE = YES;
				CLANG_WARN_UNGUARDED_AVAILABILITY = YES_AGGRESSIVE;
				CLANG_WARN_UNREACHABLE_CODE = YES;
				CLANG_WARN__DUPLICATE_METHOD_MATCH = YES;
				CODE_SIGN_IDENTITY = "iPhone Developer";
				COPY_PHASE_STRIP = NO;
				DEBUG_INFORMATION_FORMAT = "dwarf-with-dsym";
				ENABLE_NS_ASSERTIONS = NO;
				ENABLE_STRICT_OBJC_MSGSEND = YES;
				GCC_C_LANGUAGE_STANDARD = gnu11;
				GCC_NO_COMMON_BLOCKS = YES;
				GCC_WARN_64_TO_32_BIT_CONVERSION = YES;
				GCC_WARN_ABOUT_RETURN_TYPE = YES_ERROR;
				GCC_WARN_UNDECLARED_SELECTOR = YES;
				GCC_WARN_UNINITIALIZED_AUTOS = YES_AGGRESSIVE;
				GCC_WARN_UNUSED_FUNCTION = YES;
				GCC_WARN_UNUSED_VARIABLE = YES;
				IPHONEOS_DEPLOYMENT_TARGET = 11.1;
				MTL_ENABLE_DEBUG_INFO = NO;
				SDKROOT = iphoneos;
				SWIFT_OPTIMIZATION_LEVEL = "-Owholemodule";
				VALIDATE_PRODUCT = YES;
			};
			name = Release;
		};
		AE5106911FBF42E100C0BEDF /* Debug */ = {
			isa = XCBuildConfiguration;
			buildSettings = {
				ASSETCATALOG_COMPILER_APPICON_NAME = AppIcon;
				CODE_SIGN_STYLE = Automatic;
				DEVELOPMENT_TEAM = C5XEZTF82T;
				INFOPLIST_FILE = SRTabBarViewController/Info.plist;
				LD_RUNPATH_SEARCH_PATHS = "$(inherited) @executable_path/Frameworks";
				PRODUCT_BUNDLE_IDENTIFIER = com.godless.SRTabBarViewController;
				PRODUCT_NAME = "$(TARGET_NAME)";
				SWIFT_VERSION = 4.0;
				TARGETED_DEVICE_FAMILY = "1,2";
			};
			name = Debug;
		};
		AE5106921FBF42E100C0BEDF /* Release */ = {
			isa = XCBuildConfiguration;
			buildSettings = {
				ASSETCATALOG_COMPILER_APPICON_NAME = AppIcon;
				CODE_SIGN_STYLE = Automatic;
				DEVELOPMENT_TEAM = C5XEZTF82T;
				INFOPLIST_FILE = SRTabBarViewController/Info.plist;
				LD_RUNPATH_SEARCH_PATHS = "$(inherited) @executable_path/Frameworks";
				PRODUCT_BUNDLE_IDENTIFIER = com.godless.SRTabBarViewController;
				PRODUCT_NAME = "$(TARGET_NAME)";
				SWIFT_VERSION = 4.0;
				TARGETED_DEVICE_FAMILY = "1,2";
			};
			name = Release;
		};
/* End XCBuildConfiguration section */

/* Begin XCConfigurationList section */
		AE5106761FBF42E000C0BEDF /* Build configuration list for PBXProject "SRTabBarViewController" */ = {
			isa = XCConfigurationList;
			buildConfigurations = (
				AE51068E1FBF42E000C0BEDF /* Debug */,
				AE51068F1FBF42E000C0BEDF /* Release */,
			);
			defaultConfigurationIsVisible = 0;
			defaultConfigurationName = Release;
		};
		AE5106901FBF42E100C0BEDF /* Build configuration list for PBXNativeTarget "SRTabBarViewController" */ = {
			isa = XCConfigurationList;
			buildConfigurations = (
				AE5106911FBF42E100C0BEDF /* Debug */,
				AE5106921FBF42E100C0BEDF /* Release */,
			);
			defaultConfigurationIsVisible = 0;
			defaultConfigurationName = Release;
		};
/* End XCConfigurationList section */

/* Begin XCVersionGroup section */
		AE5106851FBF42E000C0BEDF /* SRTabBarViewController.xcdatamodeld */ = {
			isa = XCVersionGroup;
			children = (
				AE5106861FBF42E000C0BEDF /* SRTabBarViewController.xcdatamodel */,
			);
			currentVersion = AE5106861FBF42E000C0BEDF /* SRTabBarViewController.xcdatamodel */;
			path = SRTabBarViewController.xcdatamodeld;
			sourceTree = "<group>";
			versionGroupType = wrapper.xcdatamodel;
		};
/* End XCVersionGroup section */
	};
	rootObject = AE5106731FBF42E000C0BEDF /* Project object */;
}
